
Microsoft Visual Studio Solution File, Format Version 12.00
# Visual Studio Version 17
VisualStudioVersion = 17.10.35027.167
MinimumVisualStudioVersion = 10.0.40219.1
Project("{FAE04EC0-301F-11D3-BF4B-00C04F79EFBC}") = "NTLMAuthConnect", "NTLMAuthConnect.csproj", "{C8703442-F18B-4D79-936D-10972D11CE1B}"
EndProject
Global
	GlobalSection(SolutionConfigurationPlatforms) = preSolution
		Debug|Any CPU = Debug|Any CPU
		Release|Any CPU = Release|Any CPU
	EndGlobalSection
	GlobalSection(ProjectConfigurationPlatforms) = postSolution
		{C8703442-F18B-4D79-936D-10972D11CE1B}.Debug|Any CPU.ActiveCfg = Debug|Any CPU
		{C8703442-F18B-4D79-936D-10972D11CE1B}.Debug|Any CPU.Build.0 = Debug|Any CPU
		{C8703442-F18B-4D79-936D-10972D11CE1B}.Release|Any CPU.ActiveCfg = Release|Any CPU
		{C8703442-F18B-4D79-936D-10972D11CE1B}.Release|Any CPU.Build.0 = Release|Any CPU
	EndGlobalSection
	GlobalSection(SolutionProperties) = preSolution
		HideSolutionNode = FALSE
	EndGlobalSection
	GlobalSection(ExtensibilityGlobals) = postSolution
		SolutionGuid = {FB7FE81D-E535-40B7-B8D6-91E16F76FB61}
	EndGlobalSection
EndGlobal
